
Microsoft Visual Studio Solution File, Format Version 12.00
# Visual Studio Version 16
VisualStudioVersion = 16.0.31624.102
MinimumVisualStudioVersion = 10.0.40219.1
Project("{FAE04EC0-301F-11D3-BF4B-00C04F79EFBC}") = "Online_Information_System", "Online_Information_System\Online_Information_System.csproj", "{AEA4AE90-97CF-4BC8-A76E-462F492597DD}"
EndProject
Global
	GlobalSection(SolutionConfigurationPlatforms) = preSolution
		Debug|Any CPU = Debug|Any CPU
		Release|Any CPU = Release|Any CPU
	EndGlobalSection
	GlobalSection(ProjectConfigurationPlatforms) = postSolution
		{AEA4AE90-97CF-4BC8-A76E-462F492597DD}.Debug|Any CPU.ActiveCfg = Debug|Any CPU
		{AEA4AE90-97CF-4BC8-A76E-462F492597DD}.Debug|Any CPU.Build.0 = Debug|Any CPU
		{AEA4AE90-97CF-4BC8-A76E-462F492597DD}.Release|Any CPU.ActiveCfg = Release|Any CPU
		{AEA4AE90-97CF-4BC8-A76E-462F492597DD}.Release|Any CPU.Build.0 = Release|Any CPU
	EndGlobalSection
	GlobalSection(SolutionProperties) = preSolution
		HideSolutionNode = FALSE
	EndGlobalSection
	GlobalSection(ExtensibilityGlobals) = postSolution
		SolutionGuid = {1543DD65-6E8B-4F33-914B-4432E12F746B}
	EndGlobalSection
EndGlobal
